// !$*UTF8*$!
{
	archiveVersion = 1;
	classes = {
	};
	objectVersion = 46;
	objects = {

/* Begin PBXBuildFile section */
		4071B9841D17E974009B4151 /* AppDelegate.swift in Sources */ = {isa = PBXBuildFile; fileRef = 4071B9831D17E974009B4151 /* AppDelegate.swift */; };
		4071B98B1D17E974009B4151 /* Assets.xcassets in Resources */ = {isa = PBXBuildFile; fileRef = 4071B98A1D17E974009B4151 /* Assets.xcassets */; };
		4071B98E1D17E974009B4151 /* LaunchScreen.storyboard in Resources */ = {isa = PBXBuildFile; fileRef = 4071B98C1D17E974009B4151 /* LaunchScreen.storyboard */; };
		4071B9971D17EA78009B4151 /* ChooseImageViewController.swift in Sources */ = {isa = PBXBuildFile; fileRef = 4071B9951D17EA78009B4151 /* ChooseImageViewController.swift */; };
		4071B9981D17EA78009B4151 /* ChooseImageViewController.xib in Resources */ = {isa = PBXBuildFile; fileRef = 4071B9961D17EA78009B4151 /* ChooseImageViewController.xib */; };
		4071B99A1D1802DA009B4151 /* Podfile in Resources */ = {isa = PBXBuildFile; fileRef = 4071B9991D1802DA009B4151 /* Podfile */; };
		4071B99D1D181293009B4151 /* ClarifaiAPIManager.swift in Sources */ = {isa = PBXBuildFile; fileRef = 4071B99C1D181293009B4151 /* ClarifaiAPIManager.swift */; };
		4071B99F1D18A84B009B4151 /* MusixmatchAPIManager.swift in Sources */ = {isa = PBXBuildFile; fileRef = 4071B99E1D18A84B009B4151 /* MusixmatchAPIManager.swift */; };
		4071B9D01D19EA30009B4151 /* AVFoundation.framework in Frameworks */ = {isa = PBXBuildFile; fileRef = 4071B9CF1D19EA30009B4151 /* AVFoundation.framework */; };
		4071B9D21D19EA42009B4151 /* SystemConfiguration.framework in Frameworks */ = {isa = PBXBuildFile; fileRef = 4071B9D11D19EA42009B4151 /* SystemConfiguration.framework */; };
		4071B9D41D19ED1C009B4151 /* Spotify.framework in Frameworks */ = {isa = PBXBuildFile; fileRef = 4071B9D31D19ED1C009B4151 /* Spotify.framework */; };
		4071B9D71D1A0210009B4151 /* SpotifyAPIManager.swift in Sources */ = {isa = PBXBuildFile; fileRef = 4071B9D61D1A0210009B4151 /* SpotifyAPIManager.swift */; };
		4071B9FC1D1AB908009B4151 /* SpotifyLoginViewController.swift in Sources */ = {isa = PBXBuildFile; fileRef = 4071B9FA1D1AB908009B4151 /* SpotifyLoginViewController.swift */; };
		4071B9FD1D1AB908009B4151 /* SpotifyLoginViewController.xib in Resources */ = {isa = PBXBuildFile; fileRef = 4071B9FB1D1AB908009B4151 /* SpotifyLoginViewController.xib */; };
		4071BA011D1AED3A009B4151 /* PlayReturnedSongsViewController.swift in Sources */ = {isa = PBXBuildFile; fileRef = 4071B9FF1D1AED3A009B4151 /* PlayReturnedSongsViewController.swift */; };
		4071BA021D1AED3A009B4151 /* PlayReturnedSongsViewController.xib in Resources */ = {isa = PBXBuildFile; fileRef = 4071BA001D1AED3A009B4151 /* PlayReturnedSongsViewController.xib */; };
		4071BA061D1AEF9D009B4151 /* SpotifyPlayerTableViewCell.swift in Sources */ = {isa = PBXBuildFile; fileRef = 4071BA041D1AEF9D009B4151 /* SpotifyPlayerTableViewCell.swift */; };
		4071BA071D1AEF9D009B4151 /* SpotifyPlayerTableViewCell.xib in Resources */ = {isa = PBXBuildFile; fileRef = 4071BA051D1AEF9D009B4151 /* SpotifyPlayerTableViewCell.xib */; };
		4071BA0A1D1B1A51009B4151 /* SongsList.swift in Sources */ = {isa = PBXBuildFile; fileRef = 4071BA091D1B1A51009B4151 /* SongsList.swift */; };
		4071BA0D1D1B3EE9009B4151 /* MyViewControlllerExtension.swift in Sources */ = {isa = PBXBuildFile; fileRef = 4071BA0C1D1B3EE9009B4151 /* MyViewControlllerExtension.swift */; };
		A9D1EC0CFD323264774DB1A9 /* Pods_Songage.framework in Frameworks */ = {isa = PBXBuildFile; fileRef = FB0D8EE0DE37682DFC5499D3 /* Pods_Songage.framework */; };
/* End PBXBuildFile section */

/* Begin PBXFileReference section */
		4071B9801D17E974009B4151 /* Songage.app */ = {isa = PBXFileReference; explicitFileType = wrapper.application; includeInIndex = 0; path = Songage.app; sourceTree = BUILT_PRODUCTS_DIR; };
		4071B9831D17E974009B4151 /* AppDelegate.swift */ = {isa = PBXFileReference; lastKnownFileType = sourcecode.swift; path = AppDelegate.swift; sourceTree = "<group>"; };
		4071B98A1D17E974009B4151 /* Assets.xcassets */ = {isa = PBXFileReference; lastKnownFileType = folder.assetcatalog; path = Assets.xcassets; sourceTree = "<group>"; };
		4071B98D1D17E974009B4151 /* Base */ = {isa = PBXFileReference; lastKnownFileType = file.storyboard; name = Base; path = Base.lproj/LaunchScreen.storyboard; sourceTree = "<group>"; };
		4071B98F1D17E974009B4151 /* Info.plist */ = {isa = PBXFileReference; lastKnownFileType = text.plist.xml; path = Info.plist; sourceTree = "<group>"; };
		4071B9951D17EA78009B4151 /* ChooseImageViewController.swift */ = {isa = PBXFileReference; fileEncoding = 4; lastKnownFileType = sourcecode.swift; path = ChooseImageViewController.swift; sourceTree = "<group>"; };
		4071B9961D17EA78009B4151 /* ChooseImageViewController.xib */ = {isa = PBXFileReference; fileEncoding = 4; lastKnownFileType = file.xib; path = ChooseImageViewController.xib; sourceTree = "<group>"; };
		4071B9991D1802DA009B4151 /* Podfile */ = {isa = PBXFileReference; fileEncoding = 4; lastKnownFileType = text; path = Podfile; sourceTree = SOURCE_ROOT; xcLanguageSpecificationIdentifier = xcode.lang.ruby; };
		4071B99C1D181293009B4151 /* ClarifaiAPIManager.swift */ = {isa = PBXFileReference; fileEncoding = 4; lastKnownFileType = sourcecode.swift; path = ClarifaiAPIManager.swift; sourceTree = "<group>"; };
		4071B99E1D18A84B009B4151 /* MusixmatchAPIManager.swift */ = {isa = PBXFileReference; fileEncoding = 4; lastKnownFileType = sourcecode.swift; path = MusixmatchAPIManager.swift; sourceTree = "<group>"; };
		4071B9CF1D19EA30009B4151 /* AVFoundation.framework */ = {isa = PBXFileReference; lastKnownFileType = wrapper.framework; name = AVFoundation.framework; path = System/Library/Frameworks/AVFoundation.framework; sourceTree = SDKROOT; };
		4071B9D11D19EA42009B4151 /* SystemConfiguration.framework */ = {isa = PBXFileReference; lastKnownFileType = wrapper.framework; name = SystemConfiguration.framework; path = System/Library/Frameworks/SystemConfiguration.framework; sourceTree = SDKROOT; };
		4071B9D31D19ED1C009B4151 /* Spotify.framework */ = {isa = PBXFileReference; lastKnownFileType = wrapper.framework; path = Spotify.framework; sourceTree = "<group>"; };
		4071B9D51D19F257009B4151 /* Songage-Bridging-Header.h */ = {isa = PBXFileReference; lastKnownFileType = sourcecode.c.h; path = "Songage-Bridging-Header.h"; sourceTree = "<group>"; };
		4071B9D61D1A0210009B4151 /* SpotifyAPIManager.swift */ = {isa = PBXFileReference; fileEncoding = 4; lastKnownFileType = sourcecode.swift; path = SpotifyAPIManager.swift; sourceTree = "<group>"; };
		4071B9FA1D1AB908009B4151 /* SpotifyLoginViewController.swift */ = {isa = PBXFileReference; fileEncoding = 4; lastKnownFileType = sourcecode.swift; path = SpotifyLoginViewController.swift; sourceTree = "<group>"; };
		4071B9FB1D1AB908009B4151 /* SpotifyLoginViewController.xib */ = {isa = PBXFileReference; fileEncoding = 4; lastKnownFileType = file.xib; path = SpotifyLoginViewController.xib; sourceTree = "<group>"; };
		4071B9FF1D1AED3A009B4151 /* PlayReturnedSongsViewController.swift */ = {isa = PBXFileReference; fileEncoding = 4; lastKnownFileType = sourcecode.swift; path = PlayReturnedSongsViewController.swift; sourceTree = "<group>"; };
		4071BA001D1AED3A009B4151 /* PlayReturnedSongsViewController.xib */ = {isa = PBXFileReference; fileEncoding = 4; lastKnownFileType = file.xib; path = PlayReturnedSongsViewController.xib; sourceTree = "<group>"; };
		4071BA041D1AEF9D009B4151 /* SpotifyPlayerTableViewCell.swift */ = {isa = PBXFileReference; fileEncoding = 4; lastKnownFileType = sourcecode.swift; path = SpotifyPlayerTableViewCell.swift; sourceTree = "<group>"; };
		4071BA051D1AEF9D009B4151 /* SpotifyPlayerTableViewCell.xib */ = {isa = PBXFileReference; fileEncoding = 4; lastKnownFileType = file.xib; path = SpotifyPlayerTableViewCell.xib; sourceTree = "<group>"; };
		4071BA091D1B1A51009B4151 /* SongsList.swift */ = {isa = PBXFileReference; fileEncoding = 4; lastKnownFileType = sourcecode.swift; path = SongsList.swift; sourceTree = "<group>"; };
		4071BA0C1D1B3EE9009B4151 /* MyViewControlllerExtension.swift */ = {isa = PBXFileReference; fileEncoding = 4; lastKnownFileType = sourcecode.swift; path = MyViewControlllerExtension.swift; sourceTree = "<group>"; };
		5F847531C3F00A7FE6932174 /* Pods-Songage.release.xcconfig */ = {isa = PBXFileReference; includeInIndex = 1; lastKnownFileType = text.xcconfig; name = "Pods-Songage.release.xcconfig"; path = "Pods/Target Support Files/Pods-Songage/Pods-Songage.release.xcconfig"; sourceTree = "<group>"; };
		76AFCCD961B91C06DE8A91A7 /* Pods-Songage.debug.xcconfig */ = {isa = PBXFileReference; includeInIndex = 1; lastKnownFileType = text.xcconfig; name = "Pods-Songage.debug.xcconfig"; path = "Pods/Target Support Files/Pods-Songage/Pods-Songage.debug.xcconfig"; sourceTree = "<group>"; };
		FB0D8EE0DE37682DFC5499D3 /* Pods_Songage.framework */ = {isa = PBXFileReference; explicitFileType = wrapper.framework; includeInIndex = 0; path = Pods_Songage.framework; sourceTree = BUILT_PRODUCTS_DIR; };
/* End PBXFileReference section */

/* Begin PBXFrameworksBuildPhase section */
		4071B97D1D17E974009B4151 /* Frameworks */ = {
			isa = PBXFrameworksBuildPhase;
			buildActionMask = 2147483647;
			files = (
				4071B9D21D19EA42009B4151 /* SystemConfiguration.framework in Frameworks */,
				4071B9D01D19EA30009B4151 /* AVFoundation.framework in Frameworks */,
				A9D1EC0CFD323264774DB1A9 /* Pods_Songage.framework in Frameworks */,
				4071B9D41D19ED1C009B4151 /* Spotify.framework in Frameworks */,
			);
			runOnlyForDeploymentPostprocessing = 0;
		};
/* End PBXFrameworksBuildPhase section */

/* Begin PBXGroup section */
		4071B9771D17E974009B4151 = {
			isa = PBXGroup;
			children = (
				4071B9821D17E974009B4151 /* Songage */,
				4071B9811D17E974009B4151 /* Products */,
				F7B1C03A7376ECEFEC02264D /* Pods */,
				937C474254FE5C142F992D34 /* Frameworks */,
			);
			sourceTree = "<group>";
		};
		4071B9811D17E974009B4151 /* Products */ = {
			isa = PBXGroup;
			children = (
				4071B9801D17E974009B4151 /* Songage.app */,
			);
			name = Products;
			sourceTree = "<group>";
		};
		4071B9821D17E974009B4151 /* Songage */ = {
			isa = PBXGroup;
			children = (
				4071BA0B1D1B3EC7009B4151 /* Extensions */,
				4071BA081D1B1A2B009B4151 /* Models */,
				4071BA031D1AEF79009B4151 /* Custom UI Elements */,
				4071B99B1D18126C009B4151 /* APIManagers */,
				4071B9FE1D1AB910009B4151 /* Views */,
				4071B9831D17E974009B4151 /* AppDelegate.swift */,
				4071B9991D1802DA009B4151 /* Podfile */,
				4071B98A1D17E974009B4151 /* Assets.xcassets */,
				4071B98C1D17E974009B4151 /* LaunchScreen.storyboard */,
				4071B98F1D17E974009B4151 /* Info.plist */,
				4071B9D51D19F257009B4151 /* Songage-Bridging-Header.h */,
			);
			path = Songage;
			sourceTree = "<group>";
		};
		4071B99B1D18126C009B4151 /* APIManagers */ = {
			isa = PBXGroup;
			children = (
				4071B99C1D181293009B4151 /* ClarifaiAPIManager.swift */,
				4071B99E1D18A84B009B4151 /* MusixmatchAPIManager.swift */,
				4071B9D61D1A0210009B4151 /* SpotifyAPIManager.swift */,
			);
			name = APIManagers;
			sourceTree = "<group>";
		};
		4071B9FE1D1AB910009B4151 /* Views */ = {
			isa = PBXGroup;
			children = (
				4071B9FF1D1AED3A009B4151 /* PlayReturnedSongsViewController.swift */,
				4071BA001D1AED3A009B4151 /* PlayReturnedSongsViewController.xib */,
				4071B9951D17EA78009B4151 /* ChooseImageViewController.swift */,
				4071B9961D17EA78009B4151 /* ChooseImageViewController.xib */,
				4071B9FA1D1AB908009B4151 /* SpotifyLoginViewController.swift */,
				4071B9FB1D1AB908009B4151 /* SpotifyLoginViewController.xib */,
			);
			name = Views;
			sourceTree = "<group>";
		};
		4071BA031D1AEF79009B4151 /* Custom UI Elements */ = {
			isa = PBXGroup;
			children = (
				4071BA041D1AEF9D009B4151 /* SpotifyPlayerTableViewCell.swift */,
				4071BA051D1AEF9D009B4151 /* SpotifyPlayerTableViewCell.xib */,
			);
			name = "Custom UI Elements";
			sourceTree = "<group>";
		};
		4071BA081D1B1A2B009B4151 /* Models */ = {
			isa = PBXGroup;
			children = (
				4071BA091D1B1A51009B4151 /* SongsList.swift */,
			);
			name = Models;
			sourceTree = "<group>";
		};
		4071BA0B1D1B3EC7009B4151 /* Extensions */ = {
			isa = PBXGroup;
			children = (
				4071BA0C1D1B3EE9009B4151 /* MyViewControlllerExtension.swift */,
			);
			name = Extensions;
			sourceTree = "<group>";
		};
		937C474254FE5C142F992D34 /* Frameworks */ = {
			isa = PBXGroup;
			children = (
				4071B9D31D19ED1C009B4151 /* Spotify.framework */,
				4071B9D11D19EA42009B4151 /* SystemConfiguration.framework */,
				4071B9CF1D19EA30009B4151 /* AVFoundation.framework */,
				FB0D8EE0DE37682DFC5499D3 /* Pods_Songage.framework */,
			);
			name = Frameworks;
			sourceTree = "<group>";
		};
		F7B1C03A7376ECEFEC02264D /* Pods */ = {
			isa = PBXGroup;
			children = (
				76AFCCD961B91C06DE8A91A7 /* Pods-Songage.debug.xcconfig */,
				5F847531C3F00A7FE6932174 /* Pods-Songage.release.xcconfig */,
			);
			name = Pods;
			sourceTree = "<group>";
		};
/* End PBXGroup section */

/* Begin PBXNativeTarget section */
		4071B97F1D17E974009B4151 /* Songage */ = {
			isa = PBXNativeTarget;
			buildConfigurationList = 4071B9921D17E974009B4151 /* Build configuration list for PBXNativeTarget "Songage" */;
			buildPhases = (
				501F32302D4211F809F6769C /* [CP] Check Pods Manifest.lock */,
				4071B97C1D17E974009B4151 /* Sources */,
				4071B97D1D17E974009B4151 /* Frameworks */,
				4071B97E1D17E974009B4151 /* Resources */,
				C6202D82203D06FBA51D4CFB /* [CP] Embed Pods Frameworks */,
				D4B54497A656A310ABF112A9 /* [CP] Copy Pods Resources */,
			);
			buildRules = (
			);
			dependencies = (
			);
			name = Songage;
			productName = Songage;
			productReference = 4071B9801D17E974009B4151 /* Songage.app */;
			productType = "com.apple.product-type.application";
		};
/* End PBXNativeTarget section */

/* Begin PBXProject section */
		4071B9781D17E974009B4151 /* Project object */ = {
			isa = PBXProject;
			attributes = {
				LastSwiftUpdateCheck = 0730;
				LastUpgradeCheck = 0730;
				ORGANIZATIONNAME = "Luke Petruzzi";
				TargetAttributes = {
					4071B97F1D17E974009B4151 = {
						CreatedOnToolsVersion = 7.3.1;
						DevelopmentTeam = JXML5VQZ23;
						LastSwiftMigration = 0820;
					};
				};
			};
			buildConfigurationList = 4071B97B1D17E974009B4151 /* Build configuration list for PBXProject "Songage" */;
			compatibilityVersion = "Xcode 3.2";
			developmentRegion = English;
			hasScannedForEncodings = 0;
			knownRegions = (
				en,
				Base,
			);
			mainGroup = 4071B9771D17E974009B4151;
			productRefGroup = 4071B9811D17E974009B4151 /* Products */;
			projectDirPath = "";
			projectRoot = "";
			targets = (
				4071B97F1D17E974009B4151 /* Songage */,
			);
		};
/* End PBXProject section */

/* Begin PBXResourcesBuildPhase section */
		4071B97E1D17E974009B4151 /* Resources */ = {
			isa = PBXResourcesBuildPhase;
			buildActionMask = 2147483647;
			files = (
				4071BA071D1AEF9D009B4151 /* SpotifyPlayerTableViewCell.xib in Resources */,
				4071B98E1D17E974009B4151 /* LaunchScreen.storyboard in Resources */,
				4071B98B1D17E974009B4151 /* Assets.xcassets in Resources */,
				4071BA021D1AED3A009B4151 /* PlayReturnedSongsViewController.xib in Resources */,
				4071B9FD1D1AB908009B4151 /* SpotifyLoginViewController.xib in Resources */,
				4071B99A1D1802DA009B4151 /* Podfile in Resources */,
				4071B9981D17EA78009B4151 /* ChooseImageViewController.xib in Resources */,
			);
			runOnlyForDeploymentPostprocessing = 0;
		};
/* End PBXResourcesBuildPhase section */

/* Begin PBXShellScriptBuildPhase section */
		501F32302D4211F809F6769C /* [CP] Check Pods Manifest.lock */ = {
			isa = PBXShellScriptBuildPhase;
			buildActionMask = 2147483647;
			files = (
			);
			inputPaths = (
			);
			name = "[CP] Check Pods Manifest.lock";
			outputPaths = (
			);
			runOnlyForDeploymentPostprocessing = 0;
			shellPath = /bin/sh;
			shellScript = "diff \"${PODS_PODFILE_DIR_PATH}/Podfile.lock\" \"${PODS_ROOT}/Manifest.lock\" > /dev/null\nif [ $? != 0 ] ; then\n    # print error to STDERR\n    echo \"error: The sandbox is not in sync with the Podfile.lock. Run 'pod install' or update your CocoaPods installation.\" >&2\n    exit 1\nfi\n";
			showEnvVarsInLog = 0;
		};
		C6202D82203D06FBA51D4CFB /* [CP] Embed Pods Frameworks */ = {
			isa = PBXShellScriptBuildPhase;
			buildActionMask = 2147483647;
			files = (
			);
			inputPaths = (
			);
			name = "[CP] Embed Pods Frameworks";
			outputPaths = (
			);
			runOnlyForDeploymentPostprocessing = 0;
			shellPath = /bin/sh;
			shellScript = "\"${SRCROOT}/Pods/Target Support Files/Pods-Songage/Pods-Songage-frameworks.sh\"\n";
			showEnvVarsInLog = 0;
		};
		D4B54497A656A310ABF112A9 /* [CP] Copy Pods Resources */ = {
			isa = PBXShellScriptBuildPhase;
			buildActionMask = 2147483647;
			files = (
			);
			inputPaths = (
			);
			name = "[CP] Copy Pods Resources";
			outputPaths = (
			);
			runOnlyForDeploymentPostprocessing = 0;
			shellPath = /bin/sh;
			shellScript = "\"${SRCROOT}/Pods/Target Support Files/Pods-Songage/Pods-Songage-resources.sh\"\n";
			showEnvVarsInLog = 0;
		};
/* End PBXShellScriptBuildPhase section */

/* Begin PBXSourcesBuildPhase section */
		4071B97C1D17E974009B4151 /* Sources */ = {
			isa = PBXSourcesBuildPhase;
			buildActionMask = 2147483647;
			files = (
				4071BA0D1D1B3EE9009B4151 /* MyViewControlllerExtension.swift in Sources */,
				4071BA0A1D1B1A51009B4151 /* SongsList.swift in Sources */,
				4071B9841D17E974009B4151 /* AppDelegate.swift in Sources */,
				4071B99F1D18A84B009B4151 /* MusixmatchAPIManager.swift in Sources */,
				4071BA061D1AEF9D009B4151 /* SpotifyPlayerTableViewCell.swift in Sources */,
				4071B99D1D181293009B4151 /* ClarifaiAPIManager.swift in Sources */,
				4071BA011D1AED3A009B4151 /* PlayReturnedSongsViewController.swift in Sources */,
				4071B9D71D1A0210009B4151 /* SpotifyAPIManager.swift in Sources */,
				4071B9FC1D1AB908009B4151 /* SpotifyLoginViewController.swift in Sources */,
				4071B9971D17EA78009B4151 /* ChooseImageViewController.swift in Sources */,
			);
			runOnlyForDeploymentPostprocessing = 0;
		};
/* End PBXSourcesBuildPhase section */

/* Begin PBXVariantGroup section */
		4071B98C1D17E974009B4151 /* LaunchScreen.storyboard */ = {
			isa = PBXVariantGroup;
			children = (
				4071B98D1D17E974009B4151 /* Base */,
			);
			name = LaunchScreen.storyboard;
			sourceTree = "<group>";
		};
/* End PBXVariantGroup section */

/* Begin XCBuildConfiguration section */
		4071B9901D17E974009B4151 /* Debug */ = {
			isa = XCBuildConfiguration;
			buildSettings = {
				ALWAYS_SEARCH_USER_PATHS = NO;
				CLANG_ANALYZER_NONNULL = YES;
				CLANG_CXX_LANGUAGE_STANDARD = "gnu++0x";
				CLANG_CXX_LIBRARY = "libc++";
				CLANG_ENABLE_MODULES = YES;
				CLANG_ENABLE_OBJC_ARC = YES;
				CLANG_WARN_BOOL_CONVERSION = YES;
				CLANG_WARN_CONSTANT_CONVERSION = YES;
				CLANG_WARN_DIRECT_OBJC_ISA_USAGE = YES_ERROR;
				CLANG_WARN_EMPTY_BODY = YES;
				CLANG_WARN_ENUM_CONVERSION = YES;
				CLANG_WARN_INT_CONVERSION = YES;
				CLANG_WARN_OBJC_ROOT_CLASS = YES_ERROR;
				CLANG_WARN_UNREACHABLE_CODE = YES;
				CLANG_WARN__DUPLICATE_METHOD_MATCH = YES;
				"CODE_SIGN_IDENTITY[sdk=iphoneos*]" = "iPhone Developer";
				COPY_PHASE_STRIP = NO;
				DEBUG_INFORMATION_FORMAT = dwarf;
				ENABLE_STRICT_OBJC_MSGSEND = YES;
				ENABLE_TESTABILITY = YES;
				GCC_C_LANGUAGE_STANDARD = gnu99;
				GCC_DYNAMIC_NO_PIC = NO;
				GCC_NO_COMMON_BLOCKS = YES;
				GCC_OPTIMIZATION_LEVEL = 0;
				GCC_PREPROCESSOR_DEFINITIONS = (
					"DEBUG=1",
					"$(inherited)",
				);
				GCC_WARN_64_TO_32_BIT_CONVERSION = YES;
				GCC_WARN_ABOUT_RETURN_TYPE = YES_ERROR;
				GCC_WARN_UNDECLARED_SELECTOR = YES;
				GCC_WARN_UNINITIALIZED_AUTOS = YES_AGGRESSIVE;
				GCC_WARN_UNUSED_FUNCTION = YES;
				GCC_WARN_UNUSED_VARIABLE = YES;
				IPHONEOS_DEPLOYMENT_TARGET = 9.3;
				MTL_ENABLE_DEBUG_INFO = YES;
				ONLY_ACTIVE_ARCH = YES;
				SDKROOT = iphoneos;
				SWIFT_OPTIMIZATION_LEVEL = "-Onone";
			};
			name = Debug;
		};
		4071B9911D17E974009B4151 /* Release */ = {
			isa = XCBuildConfiguration;
			buildSettings = {
				ALWAYS_SEARCH_USER_PATHS = NO;
				CLANG_ANALYZER_NONNULL = YES;
				CLANG_CXX_LANGUAGE_STANDARD = "gnu++0x";
				CLANG_CXX_LIBRARY = "libc++";
				CLANG_ENABLE_MODULES = YES;
				CLANG_ENABLE_OBJC_ARC = YES;
				CLANG_WARN_BOOL_CONVERSION = YES;
				CLANG_WARN_CONSTANT_CONVERSION = YES;
				CLANG_WARN_DIRECT_OBJC_ISA_USAGE = YES_ERROR;
				CLANG_WARN_EMPTY_BODY = YES;
				CLANG_WARN_ENUM_CONVERSION = YES;
				CLANG_WARN_INT_CONVERSION = YES;
				CLANG_WARN_OBJC_ROOT_CLASS = YES_ERROR;
				CLANG_WARN_UNREACHABLE_CODE = YES;
				CLANG_WARN__DUPLICATE_METHOD_MATCH = YES;
				"CODE_SIGN_IDENTITY[sdk=iphoneos*]" = "iPhone Developer";
				COPY_PHASE_STRIP = NO;
				DEBUG_INFORMATION_FORMAT = "dwarf-with-dsym";
				ENABLE_NS_ASSERTIONS = NO;
				ENABLE_STRICT_OBJC_MSGSEND = YES;
				GCC_C_LANGUAGE_STANDARD = gnu99;
				GCC_NO_COMMON_BLOCKS = YES;
				GCC_WARN_64_TO_32_BIT_CONVERSION = YES;
				GCC_WARN_ABOUT_RETURN_TYPE = YES_ERROR;
				GCC_WARN_UNDECLARED_SELECTOR = YES;
				GCC_WARN_UNINITIALIZED_AUTOS = YES_AGGRESSIVE;
				GCC_WARN_UNUSED_FUNCTION = YES;
				GCC_WARN_UNUSED_VARIABLE = YES;
				IPHONEOS_DEPLOYMENT_TARGET = 9.3;
				MTL_ENABLE_DEBUG_INFO = NO;
				SDKROOT = iphoneos;
				VALIDATE_PRODUCT = YES;
			};
			name = Release;
		};
		4071B9931D17E974009B4151 /* Debug */ = {
			isa = XCBuildConfiguration;
			baseConfigurationReference = 76AFCCD961B91C06DE8A91A7 /* Pods-Songage.debug.xcconfig */;
			buildSettings = {
				ASSETCATALOG_COMPILER_APPICON_NAME = AppIcon;
				CODE_SIGN_IDENTITY = "iPhone Developer";
				"CODE_SIGN_IDENTITY[sdk=iphoneos*]" = "iPhone Developer";
				FRAMEWORK_SEARCH_PATHS = (
					"$(inherited)",
					"$(PROJECT_DIR)",
				);
				"FRAMEWORK_SEARCH_PATHS[arch=*]" = (
					"$(inherited)",
					"$(PROJECT_DIR)",
				);
				INFOPLIST_FILE = Songage/Info.plist;
				IPHONEOS_DEPLOYMENT_TARGET = 11.1;
				LD_RUNPATH_SEARCH_PATHS = "$(inherited) @executable_path/Frameworks";
				OTHER_LDFLAGS = (
					"$(inherited)",
					"-framework",
					"\"Alamofire\"",
					"-framework",
					"\"Bolts\"",
					"-framework",
					"\"FBSDKCoreKit\"",
					"-framework",
					"\"FBSDKLoginKit\"",
					"-framework",
					"\"FBSDKShareKit\"",
					"-framework",
					"\"SwiftyJSON\"",
					"-ObjC",
				);
				PRODUCT_BUNDLE_IDENTIFIER = com.lukepetruzzi.Songage;
				PRODUCT_NAME = "$(TARGET_NAME)";
				PROVISIONING_PROFILE = "";
				SWIFT_OBJC_BRIDGING_HEADER = "./Songage/Songage-Bridging-Header.h";
				"SWIFT_OBJC_BRIDGING_HEADER[arch=*]" = "./Songage/Songage-Bridging-Header.h";
				SWIFT_VERSION = 3.0;
			};
			name = Debug;
		};
		4071B9941D17E974009B4151 /* Release */ = {
			isa = XCBuildConfiguration;
			baseConfigurationReference = 5F847531C3F00A7FE6932174 /* Pods-Songage.release.xcconfig */;
			buildSettings = {
				ASSETCATALOG_COMPILER_APPICON_NAME = AppIcon;
				CODE_SIGN_IDENTITY = "iPhone Developer";
				"CODE_SIGN_IDENTITY[sdk=iphoneos*]" = "iPhone Developer";
				FRAMEWORK_SEARCH_PATHS = (
					"$(inherited)",
					"$(PROJECT_DIR)",
				);
				"FRAMEWORK_SEARCH_PATHS[arch=*]" = (
					"$(inherited)",
					"$(PROJECT_DIR)",
				);
				INFOPLIST_FILE = Songage/Info.plist;
				IPHONEOS_DEPLOYMENT_TARGET = 11.1;
				LD_RUNPATH_SEARCH_PATHS = "$(inherited) @executable_path/Frameworks";
				OTHER_LDFLAGS = (
					"$(inherited)",
					"-framework",
					"\"Alamofire\"",
					"-framework",
					"\"Bolts\"",
					"-framework",
					"\"FBSDKCoreKit\"",
					"-framework",
					"\"FBSDKLoginKit\"",
					"-framework",
					"\"FBSDKShareKit\"",
					"-framework",
					"\"SwiftyJSON\"",
					"-ObjC",
				);
				PRODUCT_BUNDLE_IDENTIFIER = com.lukepetruzzi.Songage;
				PRODUCT_NAME = "$(TARGET_NAME)";
				PROVISIONING_PROFILE = "";
				SWIFT_OBJC_BRIDGING_HEADER = "./Songage/Songage-Bridging-Header.h";
				"SWIFT_OBJC_BRIDGING_HEADER[arch=*]" = "./Songage/Songage-Bridging-Header.h";
				SWIFT_VERSION = 3.0;
			};
			name = Release;
		};
/* End XCBuildConfiguration section */

/* Begin XCConfigurationList section */
		4071B97B1D17E974009B4151 /* Build configuration list for PBXProject "Songage" */ = {
			isa = XCConfigurationList;
			buildConfigurations = (
				4071B9901D17E974009B4151 /* Debug */,
				4071B9911D17E974009B4151 /* Release */,
			);
			defaultConfigurationIsVisible = 0;
			defaultConfigurationName = Release;
		};
		4071B9921D17E974009B4151 /* Build configuration list for PBXNativeTarget "Songage" */ = {
			isa = XCConfigurationList;
			buildConfigurations = (
				4071B9931D17E974009B4151 /* Debug */,
				4071B9941D17E974009B4151 /* Release */,
			);
			defaultConfigurationIsVisible = 0;
			defaultConfigurationName = Release;
		};
/* End XCConfigurationList section */
	};
	rootObject = 4071B9781D17E974009B4151 /* Project object */;
}
