// !$*UTF8*$!
{
	archiveVersion = 1;
	classes = {
	};
	objectVersion = 46;
	objects = {

/* Begin PBXBuildFile section */
		4071B9841D17E974009B4151 /* AppDelegate.swift in Sources */ = {isa = PBXBuildFile; fileRef = 4071B9831D17E974009B4151 /* AppDelegate.swift */; };
		4071B98B1D17E974009B4151 /* Assets.xcassets in Resources */ = {isa = PBXBuildFile; fileRef = 4071B98A1D17E974009B4151 /* Assets.xcassets */; };
		4071B98E1D17E974009B4151 /* LaunchScreen.storyboard in Resources */ = {isa = PBXBuildFile; fileRef = 4071B98C1D17E974009B4151 /* LaunchScreen.storyboard */; };
		4071B9971D17EA78009B4151 /* ChooseImageViewController.swift in Sources */ = {isa = PBXBuildFile; fileRef = 4071B9951D17EA78009B4151 /* ChooseImageViewController.swift */; };
		4071B9981D17EA78009B4151 /* ChooseImageViewController.xib in Resources */ = {isa = PBXBuildFile; fileRef = 4071B9961D17EA78009B4151 /* ChooseImageViewController.xib */; };
/* End PBXBuildFile section */

/* Begin PBXFileReference section */
		4071B9801D17E974009B4151 /* Songage.app */ = {isa = PBXFileReference; explicitFileType = wrapper.application; includeInIndex = 0; path = Songage.app; sourceTree = BUILT_PRODUCTS_DIR; };
		4071B9831D17E974009B4151 /* AppDelegate.swift */ = {isa = PBXFileReference; lastKnownFileType = sourcecode.swift; path = AppDelegate.swift; sourceTree = "<group>"; };
		4071B98A1D17E974009B4151 /* Assets.xcassets */ = {isa = PBXFileReference; lastKnownFileType = folder.assetcatalog; path = Assets.xcassets; sourceTree = "<group>"; };
		4071B98D1D17E974009B4151 /* Base */ = {isa = PBXFileReference; lastKnownFileType = file.storyboard; name = Base; path = Base.lproj/LaunchScreen.storyboard; sourceTree = "<group>"; };
		4071B98F1D17E974009B4151 /* Info.plist */ = {isa = PBXFileReference; lastKnownFileType = text.plist.xml; path = Info.plist; sourceTree = "<group>"; };
		4071B9951D17EA78009B4151 /* ChooseImageViewController.swift */ = {isa = PBXFileReference; fileEncoding = 4; lastKnownFileType = sourcecode.swift; path = ChooseImageViewController.swift; sourceTree = "<group>"; };
		4071B9961D17EA78009B4151 /* ChooseImageViewController.xib */ = {isa = PBXFileReference; fileEncoding = 4; lastKnownFileType = file.xib; path = ChooseImageViewController.xib; sourceTree = "<group>"; };
/* End PBXFileReference section */

/* Begin PBXFrameworksBuildPhase section */
		4071B97D1D17E974009B4151 /* Frameworks */ = {
			isa = PBXFrameworksBuildPhase;
			buildActionMask = 2147483647;
			files = (
			);
			runOnlyForDeploymentPostprocessing = 0;
		};
/* End PBXFrameworksBuildPhase section */

/* Begin PBXGroup section */
		4071B9771D17E974009B4151 = {
			isa = PBXGroup;
			children = (
				4071B9821D17E974009B4151 /* Songage */,
				4071B9811D17E974009B4151 /* Products */,
			);
			sourceTree = "<group>";
		};
		4071B9811D17E974009B4151 /* Products */ = {
			isa = PBXGroup;
			children = (
				4071B9801D17E974009B4151 /* Songage.app */,
			);
			name = Products;
			sourceTree = "<group>";
		};
		4071B9821D17E974009B4151 /* Songage */ = {
			isa = PBXGroup;
			children = (
				4071B9831D17E974009B4151 /* AppDelegate.swift */,
				4071B98A1D17E974009B4151 /* Assets.xcassets */,
				4071B98C1D17E974009B4151 /* LaunchScreen.storyboard */,
				4071B98F1D17E974009B4151 /* Info.plist */,
				4071B9951D17EA78009B4151 /* ChooseImageViewController.swift */,
				4071B9961D17EA78009B4151 /* ChooseImageViewController.xib */,
			);
			path = Songage;
			sourceTree = "<group>";
		};
/* End PBXGroup section */

/* Begin PBXNativeTarget section */
		4071B97F1D17E974009B4151 /* Songage */ = {
			isa = PBXNativeTarget;
			buildConfigurationList = 4071B9921D17E974009B4151 /* Build configuration list for PBXNativeTarget "Songage" */;
			buildPhases = (
				4071B97C1D17E974009B4151 /* Sources */,
				4071B97D1D17E974009B4151 /* Frameworks */,
				4071B97E1D17E974009B4151 /* Resources */,
			);
			buildRules = (
			);
			dependencies = (
			);
			name = Songage;
			productName = Songage;
			productReference = 4071B9801D17E974009B4151 /* Songage.app */;
			productType = "com.apple.product-type.application";
		};
/* End PBXNativeTarget section */

/* Begin PBXProject section */
		4071B9781D17E974009B4151 /* Project object */ = {
			isa = PBXProject;
			attributes = {
				LastSwiftUpdateCheck = 0730;
				LastUpgradeCheck = 0730;
				ORGANIZATIONNAME = "Luke Petruzzi";
				TargetAttributes = {
					4071B97F1D17E974009B4151 = {
						CreatedOnToolsVersion = 7.3.1;
						DevelopmentTeam = JXML5VQZ23;
					};
				};
			};
			buildConfigurationList = 4071B97B1D17E974009B4151 /* Build configuration list for PBXProject "Songage" */;
			compatibilityVersion = "Xcode 3.2";
			developmentRegion = English;
			hasScannedForEncodings = 0;
			knownRegions = (
				en,
				Base,
			);
			mainGroup = 4071B9771D17E974009B4151;
			productRefGroup = 4071B9811D17E974009B4151 /* Products */;
			projectDirPath = "";
			projectRoot = "";
			targets = (
				4071B97F1D17E974009B4151 /* Songage */,
			);
		};
/* End PBXProject section */

/* Begin PBXResourcesBuildPhase section */
		4071B97E1D17E974009B4151 /* Resources */ = {
			isa = PBXResourcesBuildPhase;
			buildActionMask = 2147483647;
			files = (
				4071B98E1D17E974009B4151 /* LaunchScreen.storyboard in Resources */,
				4071B98B1D17E974009B4151 /* Assets.xcassets in Resources */,
				4071B9981D17EA78009B4151 /* ChooseImageViewController.xib in Resources */,
			);
			runOnlyForDeploymentPostprocessing = 0;
		};
/* End PBXResourcesBuildPhase section */

/* Begin PBXSourcesBuildPhase section */
		4071B97C1D17E974009B4151 /* Sources */ = {
			isa = PBXSourcesBuildPhase;
			buildActionMask = 2147483647;
			files = (
				4071B9841D17E974009B4151 /* AppDelegate.swift in Sources */,
				4071B9971D17EA78009B4151 /* ChooseImageViewController.swift in Sources */,
			);
			runOnlyForDeploymentPostprocessing = 0;
		};
/* End PBXSourcesBuildPhase section */

/* Begin PBXVariantGroup section */
		4071B98C1D17E974009B4151 /* LaunchScreen.storyboard */ = {
			isa = PBXVariantGroup;
			children = (
				4071B98D1D17E974009B4151 /* Base */,
			);
			name = LaunchScreen.storyboard;
			sourceTree = "<group>";
		};
/* End PBXVariantGroup section */

/* Begin XCBuildConfiguration section */
		4071B9901D17E974009B4151 /* Debug */ = {
			isa = XCBuildConfiguration;
			buildSettings = {
				ALWAYS_SEARCH_USER_PATHS = NO;
				CLANG_ANALYZER_NONNULL = YES;
				CLANG_CXX_LANGUAGE_STANDARD = "gnu++0x";
				CLANG_CXX_LIBRARY = "libc++";
				CLANG_ENABLE_MODULES = YES;
				CLANG_ENABLE_OBJC_ARC = YES;
				CLANG_WARN_BOOL_CONVERSION = YES;
				CLANG_WARN_CONSTANT_CONVERSION = YES;
				CLANG_WARN_DIRECT_OBJC_ISA_USAGE = YES_ERROR;
				CLANG_WARN_EMPTY_BODY = YES;
				CLANG_WARN_ENUM_CONVERSION = YES;
				CLANG_WARN_INT_CONVERSION = YES;
				CLANG_WARN_OBJC_ROOT_CLASS = YES_ERROR;
				CLANG_WARN_UNREACHABLE_CODE = YES;
				CLANG_WARN__DUPLICATE_METHOD_MATCH = YES;
				"CODE_SIGN_IDENTITY[sdk=iphoneos*]" = "iPhone Developer";
				COPY_PHASE_STRIP = NO;
				DEBUG_INFORMATION_FORMAT = dwarf;
				ENABLE_STRICT_OBJC_MSGSEND = YES;
				ENABLE_TESTABILITY = YES;
				GCC_C_LANGUAGE_STANDARD = gnu99;
				GCC_DYNAMIC_NO_PIC = NO;
				GCC_NO_COMMON_BLOCKS = YES;
				GCC_OPTIMIZATION_LEVEL = 0;
				GCC_PREPROCESSOR_DEFINITIONS = (
					"DEBUG=1",
					"$(inherited)",
				);
				GCC_WARN_64_TO_32_BIT_CONVERSION = YES;
				GCC_WARN_ABOUT_RETURN_TYPE = YES_ERROR;
				GCC_WARN_UNDECLARED_SELECTOR = YES;
				GCC_WARN_UNINITIALIZED_AUTOS = YES_AGGRESSIVE;
				GCC_WARN_UNUSED_FUNCTION = YES;
				GCC_WARN_UNUSED_VARIABLE = YES;
				IPHONEOS_DEPLOYMENT_TARGET = 9.3;
				MTL_ENABLE_DEBUG_INFO = YES;
				ONLY_ACTIVE_ARCH = YES;
				SDKROOT = iphoneos;
				SWIFT_OPTIMIZATION_LEVEL = "-Onone";
			};
			name = Debug;
		};
		4071B9911D17E974009B4151 /* Release */ = {
			isa = XCBuildConfiguration;
			buildSettings = {
				ALWAYS_SEARCH_USER_PATHS = NO;
				CLANG_ANALYZER_NONNULL = YES;
				CLANG_CXX_LANGUAGE_STANDARD = "gnu++0x";
				CLANG_CXX_LIBRARY = "libc++";
				CLANG_ENABLE_MODULES = YES;
				CLANG_ENABLE_OBJC_ARC = YES;
				CLANG_WARN_BOOL_CONVERSION = YES;
				CLANG_WARN_CONSTANT_CONVERSION = YES;
				CLANG_WARN_DIRECT_OBJC_ISA_USAGE = YES_ERROR;
				CLANG_WARN_EMPTY_BODY = YES;
				CLANG_WARN_ENUM_CONVERSION = YES;
				CLANG_WARN_INT_CONVERSION = YES;
				CLANG_WARN_OBJC_ROOT_CLASS = YES_ERROR;
				CLANG_WARN_UNREACHABLE_CODE = YES;
				CLANG_WARN__DUPLICATE_METHOD_MATCH = YES;
				"CODE_SIGN_IDENTITY[sdk=iphoneos*]" = "iPhone Developer";
				COPY_PHASE_STRIP = NO;
				DEBUG_INFORMATION_FORMAT = "dwarf-with-dsym";
				ENABLE_NS_ASSERTIONS = NO;
				ENABLE_STRICT_OBJC_MSGSEND = YES;
				GCC_C_LANGUAGE_STANDARD = gnu99;
				GCC_NO_COMMON_BLOCKS = YES;
				GCC_WARN_64_TO_32_BIT_CONVERSION = YES;
				GCC_WARN_ABOUT_RETURN_TYPE = YES_ERROR;
				GCC_WARN_UNDECLARED_SELECTOR = YES;
				GCC_WARN_UNINITIALIZED_AUTOS = YES_AGGRESSIVE;
				GCC_WARN_UNUSED_FUNCTION = YES;
				GCC_WARN_UNUSED_VARIABLE = YES;
				IPHONEOS_DEPLOYMENT_TARGET = 9.3;
				MTL_ENABLE_DEBUG_INFO = NO;
				SDKROOT = iphoneos;
				VALIDATE_PRODUCT = YES;
			};
			name = Release;
		};
		4071B9931D17E974009B4151 /* Debug */ = {
			isa = XCBuildConfiguration;
			buildSettings = {
				ASSETCATALOG_COMPILER_APPICON_NAME = AppIcon;
				CODE_SIGN_IDENTITY = "iPhone Developer";
				"CODE_SIGN_IDENTITY[sdk=iphoneos*]" = "iPhone Developer";
				INFOPLIST_FILE = Songage/Info.plist;
				LD_RUNPATH_SEARCH_PATHS = "$(inherited) @executable_path/Frameworks";
				PRODUCT_BUNDLE_IDENTIFIER = com.lukepetruzzi.Songage;
				PRODUCT_NAME = "$(TARGET_NAME)";
				PROVISIONING_PROFILE = "";
			};
			name = Debug;
		};
		4071B9941D17E974009B4151 /* Release */ = {
			isa = XCBuildConfiguration;
			buildSettings = {
				ASSETCATALOG_COMPILER_APPICON_NAME = AppIcon;
				CODE_SIGN_IDENTITY = "iPhone Developer";
				"CODE_SIGN_IDENTITY[sdk=iphoneos*]" = "iPhone Developer";
				INFOPLIST_FILE = Songage/Info.plist;
				LD_RUNPATH_SEARCH_PATHS = "$(inherited) @executable_path/Frameworks";
				PRODUCT_BUNDLE_IDENTIFIER = com.lukepetruzzi.Songage;
				PRODUCT_NAME = "$(TARGET_NAME)";
				PROVISIONING_PROFILE = "";
			};
			name = Release;
		};
/* End XCBuildConfiguration section */

/* Begin XCConfigurationList section */
		4071B97B1D17E974009B4151 /* Build configuration list for PBXProject "Songage" */ = {
			isa = XCConfigurationList;
			buildConfigurations = (
				4071B9901D17E974009B4151 /* Debug */,
				4071B9911D17E974009B4151 /* Release */,
			);
			defaultConfigurationIsVisible = 0;
			defaultConfigurationName = Release;
		};
		4071B9921D17E974009B4151 /* Build configuration list for PBXNativeTarget "Songage" */ = {
			isa = XCConfigurationList;
			buildConfigurations = (
				4071B9931D17E974009B4151 /* Debug */,
				4071B9941D17E974009B4151 /* Release */,
			);
			defaultConfigurationIsVisible = 0;
		};
/* End XCConfigurationList section */
	};
	rootObject = 4071B9781D17E974009B4151 /* Project object */;
}
